// !$*UTF8*$!
{
	archiveVersion = 1;
	classes = {
	};
	objectVersion = 56;
	objects = {

/* Begin PBXBuildFile section */
		616FB8A22C07D5560011AD58 /* SweetsyApp.swift in Sources */ = {isa = PBXBuildFile; fileRef = 616FB8A12C07D5560011AD58 /* SweetsyApp.swift */; };
		616FB8A42C07D5560011AD58 /* ContentView.swift in Sources */ = {isa = PBXBuildFile; fileRef = 616FB8A32C07D5560011AD58 /* ContentView.swift */; };
		616FB8A62C07D5580011AD58 /* Assets.xcassets in Resources */ = {isa = PBXBuildFile; fileRef = 616FB8A52C07D5580011AD58 /* Assets.xcassets */; };
		616FB8A92C07D5580011AD58 /* Preview Assets.xcassets in Resources */ = {isa = PBXBuildFile; fileRef = 616FB8A82C07D5580011AD58 /* Preview Assets.xcassets */; };
		616FB8B02C07D7CD0011AD58 /* Meals.swift in Sources */ = {isa = PBXBuildFile; fileRef = 616FB8AF2C07D7CD0011AD58 /* Meals.swift */; };
		616FB8B22C07D8100011AD58 /* HomeViewModel.swift in Sources */ = {isa = PBXBuildFile; fileRef = 616FB8B12C07D8100011AD58 /* HomeViewModel.swift */; };
		616FB8B42C07D90A0011AD58 /* Constants.swift in Sources */ = {isa = PBXBuildFile; fileRef = 616FB8B32C07D90A0011AD58 /* Constants.swift */; };
		616FB8B62C07DB1C0011AD58 /* APIService.swift in Sources */ = {isa = PBXBuildFile; fileRef = 616FB8B52C07DB1C0011AD58 /* APIService.swift */; };
		616FB8B82C0827DC0011AD58 /* ErrorView.swift in Sources */ = {isa = PBXBuildFile; fileRef = 616FB8B72C0827DC0011AD58 /* ErrorView.swift */; };
		616FB8BA2C082CE90011AD58 /* HomeView.swift in Sources */ = {isa = PBXBuildFile; fileRef = 616FB8B92C082CE90011AD58 /* HomeView.swift */; };
		616FB8BC2C0831E10011AD58 /* ImageView.swift in Sources */ = {isa = PBXBuildFile; fileRef = 616FB8BB2C0831E10011AD58 /* ImageView.swift */; };
		616FB8BE2C0835040011AD58 /* ImageLoader.swift in Sources */ = {isa = PBXBuildFile; fileRef = 616FB8BD2C0835040011AD58 /* ImageLoader.swift */; };
		616FB8C02C0835870011AD58 /* MealItemView.swift in Sources */ = {isa = PBXBuildFile; fileRef = 616FB8BF2C0835870011AD58 /* MealItemView.swift */; };
		616FB8C22C0836650011AD58 /* MealItemDetailView.swift in Sources */ = {isa = PBXBuildFile; fileRef = 616FB8C12C0836650011AD58 /* MealItemDetailView.swift */; };
		616FB8C42C0838640011AD58 /* MealDetails.swift in Sources */ = {isa = PBXBuildFile; fileRef = 616FB8C32C0838640011AD58 /* MealDetails.swift */; };
		616FB8CA2C08D2610011AD58 /* DetailsViewModel.swift in Sources */ = {isa = PBXBuildFile; fileRef = 616FB8C92C08D2610011AD58 /* DetailsViewModel.swift */; };
		616FB8CC2C08DA7E0011AD58 /* IngredientsView.swift in Sources */ = {isa = PBXBuildFile; fileRef = 616FB8CB2C08DA7E0011AD58 /* IngredientsView.swift */; };
		616FB8CF2C08EA140011AD58 /* NetworkError.swift in Sources */ = {isa = PBXBuildFile; fileRef = 616FB8CE2C08EA140011AD58 /* NetworkError.swift */; };
		616FB8D12C08FF700011AD58 /* UltrathinBackground.swift in Sources */ = {isa = PBXBuildFile; fileRef = 616FB8D02C08FF700011AD58 /* UltrathinBackground.swift */; };
		616FB8D32C08FFEC0011AD58 /* MealDetailsView.swift in Sources */ = {isa = PBXBuildFile; fileRef = 616FB8D22C08FFEC0011AD58 /* MealDetailsView.swift */; };
		616FB8F52C0B9D8A0011AD58 /* SweetsyTests.swift in Sources */ = {isa = PBXBuildFile; fileRef = 616FB8F42C0B9D8A0011AD58 /* SweetsyTests.swift */; };
		616FB9022C0B9DB30011AD58 /* SweetsyUITests.swift in Sources */ = {isa = PBXBuildFile; fileRef = 616FB9012C0B9DB30011AD58 /* SweetsyUITests.swift */; };
		616FB9042C0B9DB30011AD58 /* SweetsyUITestsLaunchTests.swift in Sources */ = {isa = PBXBuildFile; fileRef = 616FB9032C0B9DB30011AD58 /* SweetsyUITestsLaunchTests.swift */; };
		616FB90A2C0B9DB80011AD58 /* SweetsyApp.swift in Sources */ = {isa = PBXBuildFile; fileRef = 616FB8A12C07D5560011AD58 /* SweetsyApp.swift */; };
		616FB90B2C0B9DB80011AD58 /* SweetsyApp.swift in Sources */ = {isa = PBXBuildFile; fileRef = 616FB8A12C07D5560011AD58 /* SweetsyApp.swift */; };
		616FB90C2C0B9DBB0011AD58 /* ContentView.swift in Sources */ = {isa = PBXBuildFile; fileRef = 616FB8A32C07D5560011AD58 /* ContentView.swift */; };
		616FB90D2C0B9DBC0011AD58 /* ContentView.swift in Sources */ = {isa = PBXBuildFile; fileRef = 616FB8A32C07D5560011AD58 /* ContentView.swift */; };
		616FB90E2C0B9DBE0011AD58 /* HomeView.swift in Sources */ = {isa = PBXBuildFile; fileRef = 616FB8B92C082CE90011AD58 /* HomeView.swift */; };
		616FB90F2C0B9DBF0011AD58 /* HomeView.swift in Sources */ = {isa = PBXBuildFile; fileRef = 616FB8B92C082CE90011AD58 /* HomeView.swift */; };
		616FB9102C0B9DC10011AD58 /* Meals.swift in Sources */ = {isa = PBXBuildFile; fileRef = 616FB8AF2C07D7CD0011AD58 /* Meals.swift */; };
		616FB9112C0B9DC20011AD58 /* Meals.swift in Sources */ = {isa = PBXBuildFile; fileRef = 616FB8AF2C07D7CD0011AD58 /* Meals.swift */; };
		616FB9122C0B9DC40011AD58 /* MealItemView.swift in Sources */ = {isa = PBXBuildFile; fileRef = 616FB8BF2C0835870011AD58 /* MealItemView.swift */; };
		616FB9132C0B9DC40011AD58 /* MealItemView.swift in Sources */ = {isa = PBXBuildFile; fileRef = 616FB8BF2C0835870011AD58 /* MealItemView.swift */; };
		616FB9142C0B9DC70011AD58 /* HomeViewModel.swift in Sources */ = {isa = PBXBuildFile; fileRef = 616FB8B12C07D8100011AD58 /* HomeViewModel.swift */; };
		616FB9152C0B9DC70011AD58 /* HomeViewModel.swift in Sources */ = {isa = PBXBuildFile; fileRef = 616FB8B12C07D8100011AD58 /* HomeViewModel.swift */; };
		616FB9162C0B9DD80011AD58 /* MealItemDetailView.swift in Sources */ = {isa = PBXBuildFile; fileRef = 616FB8C12C0836650011AD58 /* MealItemDetailView.swift */; };
		616FB9172C0B9DD80011AD58 /* MealItemDetailView.swift in Sources */ = {isa = PBXBuildFile; fileRef = 616FB8C12C0836650011AD58 /* MealItemDetailView.swift */; };
		616FB9182C0B9DDB0011AD58 /* MealDetailsView.swift in Sources */ = {isa = PBXBuildFile; fileRef = 616FB8D22C08FFEC0011AD58 /* MealDetailsView.swift */; };
		616FB9192C0B9DDB0011AD58 /* MealDetailsView.swift in Sources */ = {isa = PBXBuildFile; fileRef = 616FB8D22C08FFEC0011AD58 /* MealDetailsView.swift */; };
		616FB91A2C0B9DDE0011AD58 /* MealDetails.swift in Sources */ = {isa = PBXBuildFile; fileRef = 616FB8C32C0838640011AD58 /* MealDetails.swift */; };
		616FB91B2C0B9DDF0011AD58 /* MealDetails.swift in Sources */ = {isa = PBXBuildFile; fileRef = 616FB8C32C0838640011AD58 /* MealDetails.swift */; };
		616FB91C2C0B9DE10011AD58 /* DetailsViewModel.swift in Sources */ = {isa = PBXBuildFile; fileRef = 616FB8C92C08D2610011AD58 /* DetailsViewModel.swift */; };
		616FB91D2C0B9DE20011AD58 /* DetailsViewModel.swift in Sources */ = {isa = PBXBuildFile; fileRef = 616FB8C92C08D2610011AD58 /* DetailsViewModel.swift */; };
		616FB91E2C0B9DE60011AD58 /* IngredientsView.swift in Sources */ = {isa = PBXBuildFile; fileRef = 616FB8CB2C08DA7E0011AD58 /* IngredientsView.swift */; };
		616FB91F2C0B9DE60011AD58 /* IngredientsView.swift in Sources */ = {isa = PBXBuildFile; fileRef = 616FB8CB2C08DA7E0011AD58 /* IngredientsView.swift */; };
		616FB9202C0B9DEB0011AD58 /* UltrathinBackground.swift in Sources */ = {isa = PBXBuildFile; fileRef = 616FB8D02C08FF700011AD58 /* UltrathinBackground.swift */; };
		616FB9212C0B9DEB0011AD58 /* UltrathinBackground.swift in Sources */ = {isa = PBXBuildFile; fileRef = 616FB8D02C08FF700011AD58 /* UltrathinBackground.swift */; };
		616FB9222C0B9DEE0011AD58 /* ErrorView.swift in Sources */ = {isa = PBXBuildFile; fileRef = 616FB8B72C0827DC0011AD58 /* ErrorView.swift */; };
		616FB9232C0B9DEE0011AD58 /* ErrorView.swift in Sources */ = {isa = PBXBuildFile; fileRef = 616FB8B72C0827DC0011AD58 /* ErrorView.swift */; };
		616FB9242C0B9DF00011AD58 /* ImageLoader.swift in Sources */ = {isa = PBXBuildFile; fileRef = 616FB8BD2C0835040011AD58 /* ImageLoader.swift */; };
		616FB9252C0B9DF10011AD58 /* ImageLoader.swift in Sources */ = {isa = PBXBuildFile; fileRef = 616FB8BD2C0835040011AD58 /* ImageLoader.swift */; };
		616FB9262C0B9DF50011AD58 /* ImageView.swift in Sources */ = {isa = PBXBuildFile; fileRef = 616FB8BB2C0831E10011AD58 /* ImageView.swift */; };
		616FB9272C0B9DF70011AD58 /* ImageView.swift in Sources */ = {isa = PBXBuildFile; fileRef = 616FB8BB2C0831E10011AD58 /* ImageView.swift */; };
		616FB92A2C0B9E010011AD58 /* NetworkError.swift in Sources */ = {isa = PBXBuildFile; fileRef = 616FB8CE2C08EA140011AD58 /* NetworkError.swift */; };
		616FB92B2C0B9E010011AD58 /* NetworkError.swift in Sources */ = {isa = PBXBuildFile; fileRef = 616FB8CE2C08EA140011AD58 /* NetworkError.swift */; };
		616FB92C2C0B9E040011AD58 /* Constants.swift in Sources */ = {isa = PBXBuildFile; fileRef = 616FB8B32C07D90A0011AD58 /* Constants.swift */; };
		616FB92D2C0B9E040011AD58 /* Constants.swift in Sources */ = {isa = PBXBuildFile; fileRef = 616FB8B32C07D90A0011AD58 /* Constants.swift */; };
		616FB92E2C0B9E0A0011AD58 /* Assets.xcassets in Resources */ = {isa = PBXBuildFile; fileRef = 616FB8A52C07D5580011AD58 /* Assets.xcassets */; };
		616FB92F2C0B9E0B0011AD58 /* Assets.xcassets in Resources */ = {isa = PBXBuildFile; fileRef = 616FB8A52C07D5580011AD58 /* Assets.xcassets */; };
		616FB9312C0B9E350011AD58 /* MockAPIService.swift in Sources */ = {isa = PBXBuildFile; fileRef = 616FB9302C0B9E350011AD58 /* MockAPIService.swift */; };
		616FB9332C0B9ED90011AD58 /* HomeViewModelTests.swift in Sources */ = {isa = PBXBuildFile; fileRef = 616FB9322C0B9ED90011AD58 /* HomeViewModelTests.swift */; };
		616FB9342C0BB9430011AD58 /* APIService.swift in Sources */ = {isa = PBXBuildFile; fileRef = 616FB8B52C07DB1C0011AD58 /* APIService.swift */; };
		616FB9352C0BB9470011AD58 /* APIService.swift in Sources */ = {isa = PBXBuildFile; fileRef = 616FB8B52C07DB1C0011AD58 /* APIService.swift */; };
/* End PBXBuildFile section */

/* Begin PBXContainerItemProxy section */
		616FB8F62C0B9D8A0011AD58 /* PBXContainerItemProxy */ = {
			isa = PBXContainerItemProxy;
			containerPortal = 616FB8962C07D5560011AD58 /* Project object */;
			proxyType = 1;
			remoteGlobalIDString = 616FB89D2C07D5560011AD58;
			remoteInfo = Sweetsy;
		};
		616FB9052C0B9DB30011AD58 /* PBXContainerItemProxy */ = {
			isa = PBXContainerItemProxy;
			containerPortal = 616FB8962C07D5560011AD58 /* Project object */;
			proxyType = 1;
			remoteGlobalIDString = 616FB89D2C07D5560011AD58;
			remoteInfo = Sweetsy;
		};
/* End PBXContainerItemProxy section */

/* Begin PBXFileReference section */
		616FB89E2C07D5560011AD58 /* Sweetsy.app */ = {isa = PBXFileReference; explicitFileType = wrapper.application; includeInIndex = 0; path = Sweetsy.app; sourceTree = BUILT_PRODUCTS_DIR; };
		616FB8A12C07D5560011AD58 /* SweetsyApp.swift */ = {isa = PBXFileReference; lastKnownFileType = sourcecode.swift; path = SweetsyApp.swift; sourceTree = "<group>"; };
		616FB8A32C07D5560011AD58 /* ContentView.swift */ = {isa = PBXFileReference; lastKnownFileType = sourcecode.swift; path = ContentView.swift; sourceTree = "<group>"; };
		616FB8A52C07D5580011AD58 /* Assets.xcassets */ = {isa = PBXFileReference; lastKnownFileType = folder.assetcatalog; path = Assets.xcassets; sourceTree = "<group>"; };
		616FB8A82C07D5580011AD58 /* Preview Assets.xcassets */ = {isa = PBXFileReference; lastKnownFileType = folder.assetcatalog; path = "Preview Assets.xcassets"; sourceTree = "<group>"; };
		616FB8AF2C07D7CD0011AD58 /* Meals.swift */ = {isa = PBXFileReference; lastKnownFileType = sourcecode.swift; path = Meals.swift; sourceTree = "<group>"; };
		616FB8B12C07D8100011AD58 /* HomeViewModel.swift */ = {isa = PBXFileReference; lastKnownFileType = sourcecode.swift; path = HomeViewModel.swift; sourceTree = "<group>"; };
		616FB8B32C07D90A0011AD58 /* Constants.swift */ = {isa = PBXFileReference; lastKnownFileType = sourcecode.swift; path = Constants.swift; sourceTree = "<group>"; };
		616FB8B52C07DB1C0011AD58 /* APIService.swift */ = {isa = PBXFileReference; lastKnownFileType = sourcecode.swift; path = APIService.swift; sourceTree = "<group>"; };
		616FB8B72C0827DC0011AD58 /* ErrorView.swift */ = {isa = PBXFileReference; lastKnownFileType = sourcecode.swift; path = ErrorView.swift; sourceTree = "<group>"; };
		616FB8B92C082CE90011AD58 /* HomeView.swift */ = {isa = PBXFileReference; lastKnownFileType = sourcecode.swift; path = HomeView.swift; sourceTree = "<group>"; };
		616FB8BB2C0831E10011AD58 /* ImageView.swift */ = {isa = PBXFileReference; lastKnownFileType = sourcecode.swift; path = ImageView.swift; sourceTree = "<group>"; };
		616FB8BD2C0835040011AD58 /* ImageLoader.swift */ = {isa = PBXFileReference; lastKnownFileType = sourcecode.swift; path = ImageLoader.swift; sourceTree = "<group>"; };
		616FB8BF2C0835870011AD58 /* MealItemView.swift */ = {isa = PBXFileReference; lastKnownFileType = sourcecode.swift; path = MealItemView.swift; sourceTree = "<group>"; };
		616FB8C12C0836650011AD58 /* MealItemDetailView.swift */ = {isa = PBXFileReference; lastKnownFileType = sourcecode.swift; path = MealItemDetailView.swift; sourceTree = "<group>"; };
		616FB8C32C0838640011AD58 /* MealDetails.swift */ = {isa = PBXFileReference; lastKnownFileType = sourcecode.swift; path = MealDetails.swift; sourceTree = "<group>"; };
		616FB8C92C08D2610011AD58 /* DetailsViewModel.swift */ = {isa = PBXFileReference; lastKnownFileType = sourcecode.swift; path = DetailsViewModel.swift; sourceTree = "<group>"; };
		616FB8CB2C08DA7E0011AD58 /* IngredientsView.swift */ = {isa = PBXFileReference; lastKnownFileType = sourcecode.swift; path = IngredientsView.swift; sourceTree = "<group>"; };
		616FB8CE2C08EA140011AD58 /* NetworkError.swift */ = {isa = PBXFileReference; lastKnownFileType = sourcecode.swift; path = NetworkError.swift; sourceTree = "<group>"; };
		616FB8D02C08FF700011AD58 /* UltrathinBackground.swift */ = {isa = PBXFileReference; lastKnownFileType = sourcecode.swift; path = UltrathinBackground.swift; sourceTree = "<group>"; };
		616FB8D22C08FFEC0011AD58 /* MealDetailsView.swift */ = {isa = PBXFileReference; lastKnownFileType = sourcecode.swift; path = MealDetailsView.swift; sourceTree = "<group>"; };
		616FB8D42C0906210011AD58 /* README.md */ = {isa = PBXFileReference; lastKnownFileType = net.daringfireball.markdown; path = README.md; sourceTree = "<group>"; };
		616FB8F22C0B9D8A0011AD58 /* SweetsyTests.xctest */ = {isa = PBXFileReference; explicitFileType = wrapper.cfbundle; includeInIndex = 0; path = SweetsyTests.xctest; sourceTree = BUILT_PRODUCTS_DIR; };
		616FB8F42C0B9D8A0011AD58 /* SweetsyTests.swift */ = {isa = PBXFileReference; lastKnownFileType = sourcecode.swift; path = SweetsyTests.swift; sourceTree = "<group>"; };
		616FB8FF2C0B9DB30011AD58 /* SweetsyUITests.xctest */ = {isa = PBXFileReference; explicitFileType = wrapper.cfbundle; includeInIndex = 0; path = SweetsyUITests.xctest; sourceTree = BUILT_PRODUCTS_DIR; };
		616FB9012C0B9DB30011AD58 /* SweetsyUITests.swift */ = {isa = PBXFileReference; lastKnownFileType = sourcecode.swift; path = SweetsyUITests.swift; sourceTree = "<group>"; };
		616FB9032C0B9DB30011AD58 /* SweetsyUITestsLaunchTests.swift */ = {isa = PBXFileReference; lastKnownFileType = sourcecode.swift; path = SweetsyUITestsLaunchTests.swift; sourceTree = "<group>"; };
		616FB9302C0B9E350011AD58 /* MockAPIService.swift */ = {isa = PBXFileReference; lastKnownFileType = sourcecode.swift; path = MockAPIService.swift; sourceTree = "<group>"; };
		616FB9322C0B9ED90011AD58 /* HomeViewModelTests.swift */ = {isa = PBXFileReference; lastKnownFileType = sourcecode.swift; path = HomeViewModelTests.swift; sourceTree = "<group>"; };
/* End PBXFileReference section */

/* Begin PBXFrameworksBuildPhase section */
		616FB89B2C07D5560011AD58 /* Frameworks */ = {
			isa = PBXFrameworksBuildPhase;
			buildActionMask = 2147483647;
			files = (
			);
			runOnlyForDeploymentPostprocessing = 0;
		};
		616FB8EF2C0B9D8A0011AD58 /* Frameworks */ = {
			isa = PBXFrameworksBuildPhase;
			buildActionMask = 2147483647;
			files = (
			);
			runOnlyForDeploymentPostprocessing = 0;
		};
		616FB8FC2C0B9DB30011AD58 /* Frameworks */ = {
			isa = PBXFrameworksBuildPhase;
			buildActionMask = 2147483647;
			files = (
			);
			runOnlyForDeploymentPostprocessing = 0;
		};
/* End PBXFrameworksBuildPhase section */

/* Begin PBXGroup section */
		616FB8952C07D5560011AD58 = {
			isa = PBXGroup;
			children = (
				616FB8D42C0906210011AD58 /* README.md */,
				616FB8A02C07D5560011AD58 /* Sweetsy */,
				616FB8F32C0B9D8A0011AD58 /* SweetsyTests */,
				616FB9002C0B9DB30011AD58 /* SweetsyUITests */,
				616FB89F2C07D5560011AD58 /* Products */,
			);
			sourceTree = "<group>";
		};
		616FB89F2C07D5560011AD58 /* Products */ = {
			isa = PBXGroup;
			children = (
				616FB89E2C07D5560011AD58 /* Sweetsy.app */,
				616FB8F22C0B9D8A0011AD58 /* SweetsyTests.xctest */,
				616FB8FF2C0B9DB30011AD58 /* SweetsyUITests.xctest */,
			);
			name = Products;
			sourceTree = "<group>";
		};
		616FB8A02C07D5560011AD58 /* Sweetsy */ = {
			isa = PBXGroup;
			children = (
				616FB8A12C07D5560011AD58 /* SweetsyApp.swift */,
				616FB8C52C08CF770011AD58 /* Home */,
				616FB8C62C08CFC40011AD58 /* Details Page */,
				616FB8C72C08CFDF0011AD58 /* Reusables */,
				616FB8CD2C08E9F90011AD58 /* Network Manager */,
				616FB8B32C07D90A0011AD58 /* Constants.swift */,
				616FB8A52C07D5580011AD58 /* Assets.xcassets */,
				616FB8A72C07D5580011AD58 /* Preview Content */,
			);
			path = Sweetsy;
			sourceTree = "<group>";
		};
		616FB8A72C07D5580011AD58 /* Preview Content */ = {
			isa = PBXGroup;
			children = (
				616FB8A82C07D5580011AD58 /* Preview Assets.xcassets */,
			);
			path = "Preview Content";
			sourceTree = "<group>";
		};
		616FB8C52C08CF770011AD58 /* Home */ = {
			isa = PBXGroup;
			children = (
				616FB8A32C07D5560011AD58 /* ContentView.swift */,
				616FB8B92C082CE90011AD58 /* HomeView.swift */,
				616FB8AF2C07D7CD0011AD58 /* Meals.swift */,
				616FB8BF2C0835870011AD58 /* MealItemView.swift */,
				616FB8B12C07D8100011AD58 /* HomeViewModel.swift */,
			);
			path = Home;
			sourceTree = "<group>";
		};
		616FB8C62C08CFC40011AD58 /* Details Page */ = {
			isa = PBXGroup;
			children = (
				616FB8C12C0836650011AD58 /* MealItemDetailView.swift */,
				616FB8D22C08FFEC0011AD58 /* MealDetailsView.swift */,
				616FB8C32C0838640011AD58 /* MealDetails.swift */,
				616FB8C92C08D2610011AD58 /* DetailsViewModel.swift */,
				616FB8CB2C08DA7E0011AD58 /* IngredientsView.swift */,
			);
			path = "Details Page";
			sourceTree = "<group>";
		};
		616FB8C72C08CFDF0011AD58 /* Reusables */ = {
			isa = PBXGroup;
			children = (
				616FB8D02C08FF700011AD58 /* UltrathinBackground.swift */,
				616FB8B72C0827DC0011AD58 /* ErrorView.swift */,
				616FB8C82C08CFEF0011AD58 /* Async Image */,
			);
			path = Reusables;
			sourceTree = "<group>";
		};
		616FB8C82C08CFEF0011AD58 /* Async Image */ = {
			isa = PBXGroup;
			children = (
				616FB8BD2C0835040011AD58 /* ImageLoader.swift */,
				616FB8BB2C0831E10011AD58 /* ImageView.swift */,
			);
			path = "Async Image";
			sourceTree = "<group>";
		};
		616FB8CD2C08E9F90011AD58 /* Network Manager */ = {
			isa = PBXGroup;
			children = (
				616FB8B52C07DB1C0011AD58 /* APIService.swift */,
				616FB8CE2C08EA140011AD58 /* NetworkError.swift */,
			);
			path = "Network Manager";
			sourceTree = "<group>";
		};
		616FB8F32C0B9D8A0011AD58 /* SweetsyTests */ = {
			isa = PBXGroup;
			children = (
				616FB8F42C0B9D8A0011AD58 /* SweetsyTests.swift */,
				616FB9302C0B9E350011AD58 /* MockAPIService.swift */,
				616FB9322C0B9ED90011AD58 /* HomeViewModelTests.swift */,
			);
			path = SweetsyTests;
			sourceTree = "<group>";
		};
		616FB9002C0B9DB30011AD58 /* SweetsyUITests */ = {
			isa = PBXGroup;
			children = (
				616FB9012C0B9DB30011AD58 /* SweetsyUITests.swift */,
				616FB9032C0B9DB30011AD58 /* SweetsyUITestsLaunchTests.swift */,
			);
			path = SweetsyUITests;
			sourceTree = "<group>";
		};
/* End PBXGroup section */

/* Begin PBXNativeTarget section */
		616FB89D2C07D5560011AD58 /* Sweetsy */ = {
			isa = PBXNativeTarget;
			buildConfigurationList = 616FB8AC2C07D5580011AD58 /* Build configuration list for PBXNativeTarget "Sweetsy" */;
			buildPhases = (
				616FB89A2C07D5560011AD58 /* Sources */,
				616FB89B2C07D5560011AD58 /* Frameworks */,
				616FB89C2C07D5560011AD58 /* Resources */,
			);
			buildRules = (
			);
			dependencies = (
			);
			name = Sweetsy;
			productName = Sweetsy;
			productReference = 616FB89E2C07D5560011AD58 /* Sweetsy.app */;
			productType = "com.apple.product-type.application";
		};
		616FB8F12C0B9D8A0011AD58 /* SweetsyTests */ = {
			isa = PBXNativeTarget;
			buildConfigurationList = 616FB8FA2C0B9D8A0011AD58 /* Build configuration list for PBXNativeTarget "SweetsyTests" */;
			buildPhases = (
				616FB8EE2C0B9D8A0011AD58 /* Sources */,
				616FB8EF2C0B9D8A0011AD58 /* Frameworks */,
				616FB8F02C0B9D8A0011AD58 /* Resources */,
			);
			buildRules = (
			);
			dependencies = (
				616FB8F72C0B9D8A0011AD58 /* PBXTargetDependency */,
			);
			name = SweetsyTests;
			productName = SweetsyTests;
			productReference = 616FB8F22C0B9D8A0011AD58 /* SweetsyTests.xctest */;
			productType = "com.apple.product-type.bundle.unit-test";
		};
		616FB8FE2C0B9DB30011AD58 /* SweetsyUITests */ = {
			isa = PBXNativeTarget;
			buildConfigurationList = 616FB9072C0B9DB30011AD58 /* Build configuration list for PBXNativeTarget "SweetsyUITests" */;
			buildPhases = (
				616FB8FB2C0B9DB30011AD58 /* Sources */,
				616FB8FC2C0B9DB30011AD58 /* Frameworks */,
				616FB8FD2C0B9DB30011AD58 /* Resources */,
			);
			buildRules = (
			);
			dependencies = (
				616FB9062C0B9DB30011AD58 /* PBXTargetDependency */,
			);
			name = SweetsyUITests;
			productName = SweetsyUITests;
			productReference = 616FB8FF2C0B9DB30011AD58 /* SweetsyUITests.xctest */;
			productType = "com.apple.product-type.bundle.ui-testing";
		};
/* End PBXNativeTarget section */

/* Begin PBXProject section */
		616FB8962C07D5560011AD58 /* Project object */ = {
			isa = PBXProject;
			attributes = {
				BuildIndependentTargetsInParallel = 1;
				LastSwiftUpdateCheck = 1540;
				LastUpgradeCheck = 1540;
				TargetAttributes = {
					616FB89D2C07D5560011AD58 = {
						CreatedOnToolsVersion = 15.4;
					};
					616FB8F12C0B9D8A0011AD58 = {
						CreatedOnToolsVersion = 15.4;
						TestTargetID = 616FB89D2C07D5560011AD58;
					};
					616FB8FE2C0B9DB30011AD58 = {
						CreatedOnToolsVersion = 15.4;
						TestTargetID = 616FB89D2C07D5560011AD58;
					};
				};
			};
			buildConfigurationList = 616FB8992C07D5560011AD58 /* Build configuration list for PBXProject "Sweetsy" */;
			compatibilityVersion = "Xcode 14.0";
			developmentRegion = en;
			hasScannedForEncodings = 0;
			knownRegions = (
				en,
				Base,
			);
			mainGroup = 616FB8952C07D5560011AD58;
			productRefGroup = 616FB89F2C07D5560011AD58 /* Products */;
			projectDirPath = "";
			projectRoot = "";
			targets = (
				616FB89D2C07D5560011AD58 /* Sweetsy */,
				616FB8F12C0B9D8A0011AD58 /* SweetsyTests */,
				616FB8FE2C0B9DB30011AD58 /* SweetsyUITests */,
			);
		};
/* End PBXProject section */

/* Begin PBXResourcesBuildPhase section */
		616FB89C2C07D5560011AD58 /* Resources */ = {
			isa = PBXResourcesBuildPhase;
			buildActionMask = 2147483647;
			files = (
				616FB8A92C07D5580011AD58 /* Preview Assets.xcassets in Resources */,
				616FB8A62C07D5580011AD58 /* Assets.xcassets in Resources */,
			);
			runOnlyForDeploymentPostprocessing = 0;
		};
		616FB8F02C0B9D8A0011AD58 /* Resources */ = {
			isa = PBXResourcesBuildPhase;
			buildActionMask = 2147483647;
			files = (
				616FB92E2C0B9E0A0011AD58 /* Assets.xcassets in Resources */,
			);
			runOnlyForDeploymentPostprocessing = 0;
		};
		616FB8FD2C0B9DB30011AD58 /* Resources */ = {
			isa = PBXResourcesBuildPhase;
			buildActionMask = 2147483647;
			files = (
				616FB92F2C0B9E0B0011AD58 /* Assets.xcassets in Resources */,
			);
			runOnlyForDeploymentPostprocessing = 0;
		};
/* End PBXResourcesBuildPhase section */

/* Begin PBXSourcesBuildPhase section */
		616FB89A2C07D5560011AD58 /* Sources */ = {
			isa = PBXSourcesBuildPhase;
			buildActionMask = 2147483647;
			files = (
				616FB8B42C07D90A0011AD58 /* Constants.swift in Sources */,
				616FB8CF2C08EA140011AD58 /* NetworkError.swift in Sources */,
				616FB8CC2C08DA7E0011AD58 /* IngredientsView.swift in Sources */,
				616FB8B02C07D7CD0011AD58 /* Meals.swift in Sources */,
				616FB8BE2C0835040011AD58 /* ImageLoader.swift in Sources */,
				616FB8A42C07D5560011AD58 /* ContentView.swift in Sources */,
				616FB8A22C07D5560011AD58 /* SweetsyApp.swift in Sources */,
				616FB8B82C0827DC0011AD58 /* ErrorView.swift in Sources */,
				616FB8D12C08FF700011AD58 /* UltrathinBackground.swift in Sources */,
				616FB8C42C0838640011AD58 /* MealDetails.swift in Sources */,
				616FB8D32C08FFEC0011AD58 /* MealDetailsView.swift in Sources */,
				616FB8BA2C082CE90011AD58 /* HomeView.swift in Sources */,
				616FB8BC2C0831E10011AD58 /* ImageView.swift in Sources */,
				616FB8C02C0835870011AD58 /* MealItemView.swift in Sources */,
				616FB8B62C07DB1C0011AD58 /* APIService.swift in Sources */,
				616FB8CA2C08D2610011AD58 /* DetailsViewModel.swift in Sources */,
				616FB8B22C07D8100011AD58 /* HomeViewModel.swift in Sources */,
				616FB8C22C0836650011AD58 /* MealItemDetailView.swift in Sources */,
			);
			runOnlyForDeploymentPostprocessing = 0;
		};
		616FB8EE2C0B9D8A0011AD58 /* Sources */ = {
			isa = PBXSourcesBuildPhase;
			buildActionMask = 2147483647;
			files = (
				616FB92C2C0B9E040011AD58 /* Constants.swift in Sources */,
				616FB9342C0BB9430011AD58 /* APIService.swift in Sources */,
				616FB9122C0B9DC40011AD58 /* MealItemView.swift in Sources */,
				616FB9182C0B9DDB0011AD58 /* MealDetailsView.swift in Sources */,
				616FB9242C0B9DF00011AD58 /* ImageLoader.swift in Sources */,
				616FB90A2C0B9DB80011AD58 /* SweetsyApp.swift in Sources */,
				616FB9142C0B9DC70011AD58 /* HomeViewModel.swift in Sources */,
				616FB90E2C0B9DBE0011AD58 /* HomeView.swift in Sources */,
				616FB9332C0B9ED90011AD58 /* HomeViewModelTests.swift in Sources */,
				616FB91A2C0B9DDE0011AD58 /* MealDetails.swift in Sources */,
				616FB8F52C0B9D8A0011AD58 /* SweetsyTests.swift in Sources */,
				616FB9262C0B9DF50011AD58 /* ImageView.swift in Sources */,
				616FB9202C0B9DEB0011AD58 /* UltrathinBackground.swift in Sources */,
				616FB91E2C0B9DE60011AD58 /* IngredientsView.swift in Sources */,
				616FB91C2C0B9DE10011AD58 /* DetailsViewModel.swift in Sources */,
				616FB90C2C0B9DBB0011AD58 /* ContentView.swift in Sources */,
				616FB9222C0B9DEE0011AD58 /* ErrorView.swift in Sources */,
				616FB9312C0B9E350011AD58 /* MockAPIService.swift in Sources */,
				616FB92A2C0B9E010011AD58 /* NetworkError.swift in Sources */,
				616FB9102C0B9DC10011AD58 /* Meals.swift in Sources */,
				616FB9162C0B9DD80011AD58 /* MealItemDetailView.swift in Sources */,
			);
			runOnlyForDeploymentPostprocessing = 0;
		};
		616FB8FB2C0B9DB30011AD58 /* Sources */ = {
			isa = PBXSourcesBuildPhase;
			buildActionMask = 2147483647;
			files = (
				616FB9112C0B9DC20011AD58 /* Meals.swift in Sources */,
				616FB9132C0B9DC40011AD58 /* MealItemView.swift in Sources */,
				616FB9192C0B9DDB0011AD58 /* MealDetailsView.swift in Sources */,
				616FB9272C0B9DF70011AD58 /* ImageView.swift in Sources */,
				616FB9212C0B9DEB0011AD58 /* UltrathinBackground.swift in Sources */,
				616FB91B2C0B9DDF0011AD58 /* MealDetails.swift in Sources */,
				616FB9352C0BB9470011AD58 /* APIService.swift in Sources */,
				616FB9022C0B9DB30011AD58 /* SweetsyUITests.swift in Sources */,
				616FB9252C0B9DF10011AD58 /* ImageLoader.swift in Sources */,
				616FB91F2C0B9DE60011AD58 /* IngredientsView.swift in Sources */,
				616FB9152C0B9DC70011AD58 /* HomeViewModel.swift in Sources */,
				616FB90B2C0B9DB80011AD58 /* SweetsyApp.swift in Sources */,
				616FB90D2C0B9DBC0011AD58 /* ContentView.swift in Sources */,
				616FB9232C0B9DEE0011AD58 /* ErrorView.swift in Sources */,
				616FB90F2C0B9DBF0011AD58 /* HomeView.swift in Sources */,
				616FB9042C0B9DB30011AD58 /* SweetsyUITestsLaunchTests.swift in Sources */,
				616FB92D2C0B9E040011AD58 /* Constants.swift in Sources */,
				616FB9172C0B9DD80011AD58 /* MealItemDetailView.swift in Sources */,
				616FB91D2C0B9DE20011AD58 /* DetailsViewModel.swift in Sources */,
				616FB92B2C0B9E010011AD58 /* NetworkError.swift in Sources */,
			);
			runOnlyForDeploymentPostprocessing = 0;
		};
/* End PBXSourcesBuildPhase section */

/* Begin PBXTargetDependency section */
		616FB8F72C0B9D8A0011AD58 /* PBXTargetDependency */ = {
			isa = PBXTargetDependency;
			target = 616FB89D2C07D5560011AD58 /* Sweetsy */;
			targetProxy = 616FB8F62C0B9D8A0011AD58 /* PBXContainerItemProxy */;
		};
		616FB9062C0B9DB30011AD58 /* PBXTargetDependency */ = {
			isa = PBXTargetDependency;
			target = 616FB89D2C07D5560011AD58 /* Sweetsy */;
			targetProxy = 616FB9052C0B9DB30011AD58 /* PBXContainerItemProxy */;
		};
/* End PBXTargetDependency section */

/* Begin XCBuildConfiguration section */
		616FB8AA2C07D5580011AD58 /* Debug */ = {
			isa = XCBuildConfiguration;
			buildSettings = {
				ALWAYS_SEARCH_USER_PATHS = NO;
				ASSETCATALOG_COMPILER_GENERATE_SWIFT_ASSET_SYMBOL_EXTENSIONS = YES;
				CLANG_ANALYZER_NONNULL = YES;
				CLANG_ANALYZER_NUMBER_OBJECT_CONVERSION = YES_AGGRESSIVE;
				CLANG_CXX_LANGUAGE_STANDARD = "gnu++20";
				CLANG_ENABLE_MODULES = YES;
				CLANG_ENABLE_OBJC_ARC = YES;
				CLANG_ENABLE_OBJC_WEAK = YES;
				CLANG_WARN_BLOCK_CAPTURE_AUTORELEASING = YES;
				CLANG_WARN_BOOL_CONVERSION = YES;
				CLANG_WARN_COMMA = YES;
				CLANG_WARN_CONSTANT_CONVERSION = YES;
				CLANG_WARN_DEPRECATED_OBJC_IMPLEMENTATIONS = YES;
				CLANG_WARN_DIRECT_OBJC_ISA_USAGE = YES_ERROR;
				CLANG_WARN_DOCUMENTATION_COMMENTS = YES;
				CLANG_WARN_EMPTY_BODY = YES;
				CLANG_WARN_ENUM_CONVERSION = YES;
				CLANG_WARN_INFINITE_RECURSION = YES;
				CLANG_WARN_INT_CONVERSION = YES;
				CLANG_WARN_NON_LITERAL_NULL_CONVERSION = YES;
				CLANG_WARN_OBJC_IMPLICIT_RETAIN_SELF = YES;
				CLANG_WARN_OBJC_LITERAL_CONVERSION = YES;
				CLANG_WARN_OBJC_ROOT_CLASS = YES_ERROR;
				CLANG_WARN_QUOTED_INCLUDE_IN_FRAMEWORK_HEADER = YES;
				CLANG_WARN_RANGE_LOOP_ANALYSIS = YES;
				CLANG_WARN_STRICT_PROTOTYPES = YES;
				CLANG_WARN_SUSPICIOUS_MOVE = YES;
				CLANG_WARN_UNGUARDED_AVAILABILITY = YES_AGGRESSIVE;
				CLANG_WARN_UNREACHABLE_CODE = YES;
				CLANG_WARN__DUPLICATE_METHOD_MATCH = YES;
				COPY_PHASE_STRIP = NO;
				DEBUG_INFORMATION_FORMAT = dwarf;
				ENABLE_STRICT_OBJC_MSGSEND = YES;
				ENABLE_TESTABILITY = YES;
				ENABLE_USER_SCRIPT_SANDBOXING = YES;
				GCC_C_LANGUAGE_STANDARD = gnu17;
				GCC_DYNAMIC_NO_PIC = NO;
				GCC_NO_COMMON_BLOCKS = YES;
				GCC_OPTIMIZATION_LEVEL = 0;
				GCC_PREPROCESSOR_DEFINITIONS = (
					"DEBUG=1",
					"$(inherited)",
				);
				GCC_WARN_64_TO_32_BIT_CONVERSION = YES;
				GCC_WARN_ABOUT_RETURN_TYPE = YES_ERROR;
				GCC_WARN_UNDECLARED_SELECTOR = YES;
				GCC_WARN_UNINITIALIZED_AUTOS = YES_AGGRESSIVE;
				GCC_WARN_UNUSED_FUNCTION = YES;
				GCC_WARN_UNUSED_VARIABLE = YES;
				IPHONEOS_DEPLOYMENT_TARGET = 17.5;
				LOCALIZATION_PREFERS_STRING_CATALOGS = YES;
				MTL_ENABLE_DEBUG_INFO = INCLUDE_SOURCE;
				MTL_FAST_MATH = YES;
				ONLY_ACTIVE_ARCH = YES;
				SDKROOT = iphoneos;
				SWIFT_ACTIVE_COMPILATION_CONDITIONS = "DEBUG $(inherited)";
				SWIFT_OPTIMIZATION_LEVEL = "-Onone";
			};
			name = Debug;
		};
		616FB8AB2C07D5580011AD58 /* Release */ = {
			isa = XCBuildConfiguration;
			buildSettings = {
				ALWAYS_SEARCH_USER_PATHS = NO;
				ASSETCATALOG_COMPILER_GENERATE_SWIFT_ASSET_SYMBOL_EXTENSIONS = YES;
				CLANG_ANALYZER_NONNULL = YES;
				CLANG_ANALYZER_NUMBER_OBJECT_CONVERSION = YES_AGGRESSIVE;
				CLANG_CXX_LANGUAGE_STANDARD = "gnu++20";
				CLANG_ENABLE_MODULES = YES;
				CLANG_ENABLE_OBJC_ARC = YES;
				CLANG_ENABLE_OBJC_WEAK = YES;
				CLANG_WARN_BLOCK_CAPTURE_AUTORELEASING = YES;
				CLANG_WARN_BOOL_CONVERSION = YES;
				CLANG_WARN_COMMA = YES;
				CLANG_WARN_CONSTANT_CONVERSION = YES;
				CLANG_WARN_DEPRECATED_OBJC_IMPLEMENTATIONS = YES;
				CLANG_WARN_DIRECT_OBJC_ISA_USAGE = YES_ERROR;
				CLANG_WARN_DOCUMENTATION_COMMENTS = YES;
				CLANG_WARN_EMPTY_BODY = YES;
				CLANG_WARN_ENUM_CONVERSION = YES;
				CLANG_WARN_INFINITE_RECURSION = YES;
				CLANG_WARN_INT_CONVERSION = YES;
				CLANG_WARN_NON_LITERAL_NULL_CONVERSION = YES;
				CLANG_WARN_OBJC_IMPLICIT_RETAIN_SELF = YES;
				CLANG_WARN_OBJC_LITERAL_CONVERSION = YES;
				CLANG_WARN_OBJC_ROOT_CLASS = YES_ERROR;
				CLANG_WARN_QUOTED_INCLUDE_IN_FRAMEWORK_HEADER = YES;
				CLANG_WARN_RANGE_LOOP_ANALYSIS = YES;
				CLANG_WARN_STRICT_PROTOTYPES = YES;
				CLANG_WARN_SUSPICIOUS_MOVE = YES;
				CLANG_WARN_UNGUARDED_AVAILABILITY = YES_AGGRESSIVE;
				CLANG_WARN_UNREACHABLE_CODE = YES;
				CLANG_WARN__DUPLICATE_METHOD_MATCH = YES;
				COPY_PHASE_STRIP = NO;
				DEBUG_INFORMATION_FORMAT = "dwarf-with-dsym";
				ENABLE_NS_ASSERTIONS = NO;
				ENABLE_STRICT_OBJC_MSGSEND = YES;
				ENABLE_USER_SCRIPT_SANDBOXING = YES;
				GCC_C_LANGUAGE_STANDARD = gnu17;
				GCC_NO_COMMON_BLOCKS = YES;
				GCC_WARN_64_TO_32_BIT_CONVERSION = YES;
				GCC_WARN_ABOUT_RETURN_TYPE = YES_ERROR;
				GCC_WARN_UNDECLARED_SELECTOR = YES;
				GCC_WARN_UNINITIALIZED_AUTOS = YES_AGGRESSIVE;
				GCC_WARN_UNUSED_FUNCTION = YES;
				GCC_WARN_UNUSED_VARIABLE = YES;
				IPHONEOS_DEPLOYMENT_TARGET = 17.5;
				LOCALIZATION_PREFERS_STRING_CATALOGS = YES;
				MTL_ENABLE_DEBUG_INFO = NO;
				MTL_FAST_MATH = YES;
				SDKROOT = iphoneos;
				SWIFT_COMPILATION_MODE = wholemodule;
				VALIDATE_PRODUCT = YES;
			};
			name = Release;
		};
		616FB8AD2C07D5580011AD58 /* Debug */ = {
			isa = XCBuildConfiguration;
			buildSettings = {
				ASSETCATALOG_COMPILER_APPICON_NAME = AppIcon;
				ASSETCATALOG_COMPILER_GLOBAL_ACCENT_COLOR_NAME = AccentColor;
				CODE_SIGN_STYLE = Automatic;
				CURRENT_PROJECT_VERSION = 1;
				DEVELOPMENT_ASSET_PATHS = "\"Sweetsy/Preview Content\"";
				DEVELOPMENT_TEAM = H8X7BGGD4F;
				ENABLE_PREVIEWS = YES;
				GENERATE_INFOPLIST_FILE = YES;
				INFOPLIST_KEY_UIApplicationSceneManifest_Generation = YES;
				INFOPLIST_KEY_UIApplicationSupportsIndirectInputEvents = YES;
				INFOPLIST_KEY_UILaunchScreen_Generation = YES;
				INFOPLIST_KEY_UISupportedInterfaceOrientations_iPad = "UIInterfaceOrientationPortrait UIInterfaceOrientationPortraitUpsideDown UIInterfaceOrientationLandscapeLeft UIInterfaceOrientationLandscapeRight";
				INFOPLIST_KEY_UISupportedInterfaceOrientations_iPhone = "UIInterfaceOrientationPortrait UIInterfaceOrientationLandscapeLeft UIInterfaceOrientationLandscapeRight";
				IPHONEOS_DEPLOYMENT_TARGET = 15.0;
				LD_RUNPATH_SEARCH_PATHS = (
					"$(inherited)",
					"@executable_path/Frameworks",
				);
				MARKETING_VERSION = 1.0;
				PRODUCT_BUNDLE_IDENTIFIER = com.chetan.Sweetsy;
				PRODUCT_NAME = "$(TARGET_NAME)";
				SWIFT_EMIT_LOC_STRINGS = YES;
				SWIFT_VERSION = 5.0;
				TARGETED_DEVICE_FAMILY = "1,2";
			};
			name = Debug;
		};
		616FB8AE2C07D5580011AD58 /* Release */ = {
			isa = XCBuildConfiguration;
			buildSettings = {
				ASSETCATALOG_COMPILER_APPICON_NAME = AppIcon;
				ASSETCATALOG_COMPILER_GLOBAL_ACCENT_COLOR_NAME = AccentColor;
				CODE_SIGN_STYLE = Automatic;
				CURRENT_PROJECT_VERSION = 1;
				DEVELOPMENT_ASSET_PATHS = "\"Sweetsy/Preview Content\"";
				DEVELOPMENT_TEAM = H8X7BGGD4F;
				ENABLE_PREVIEWS = YES;
				GENERATE_INFOPLIST_FILE = YES;
				INFOPLIST_KEY_UIApplicationSceneManifest_Generation = YES;
				INFOPLIST_KEY_UIApplicationSupportsIndirectInputEvents = YES;
				INFOPLIST_KEY_UILaunchScreen_Generation = YES;
				INFOPLIST_KEY_UISupportedInterfaceOrientations_iPad = "UIInterfaceOrientationPortrait UIInterfaceOrientationPortraitUpsideDown UIInterfaceOrientationLandscapeLeft UIInterfaceOrientationLandscapeRight";
				INFOPLIST_KEY_UISupportedInterfaceOrientations_iPhone = "UIInterfaceOrientationPortrait UIInterfaceOrientationLandscapeLeft UIInterfaceOrientationLandscapeRight";
				IPHONEOS_DEPLOYMENT_TARGET = 15.0;
				LD_RUNPATH_SEARCH_PATHS = (
					"$(inherited)",
					"@executable_path/Frameworks",
				);
				MARKETING_VERSION = 1.0;
				PRODUCT_BUNDLE_IDENTIFIER = com.chetan.Sweetsy;
				PRODUCT_NAME = "$(TARGET_NAME)";
				SWIFT_EMIT_LOC_STRINGS = YES;
				SWIFT_VERSION = 5.0;
				TARGETED_DEVICE_FAMILY = "1,2";
			};
			name = Release;
		};
		616FB8F82C0B9D8A0011AD58 /* Debug */ = {
			isa = XCBuildConfiguration;
			buildSettings = {
				BUNDLE_LOADER = "$(TEST_HOST)";
				CODE_SIGN_STYLE = Automatic;
				CURRENT_PROJECT_VERSION = 1;
				DEVELOPMENT_TEAM = H8X7BGGD4F;
				GENERATE_INFOPLIST_FILE = YES;
				MARKETING_VERSION = 1.0;
				PRODUCT_BUNDLE_IDENTIFIER = com.chetan.SweetsyTests;
				PRODUCT_NAME = "$(TARGET_NAME)";
				SWIFT_EMIT_LOC_STRINGS = NO;
				SWIFT_VERSION = 5.0;
				TARGETED_DEVICE_FAMILY = "1,2";
				TEST_HOST = "$(BUILT_PRODUCTS_DIR)/Sweetsy.app/$(BUNDLE_EXECUTABLE_FOLDER_PATH)/Sweetsy";
			};
			name = Debug;
		};
		616FB8F92C0B9D8A0011AD58 /* Release */ = {
			isa = XCBuildConfiguration;
			buildSettings = {
				BUNDLE_LOADER = "$(TEST_HOST)";
				CODE_SIGN_STYLE = Automatic;
				CURRENT_PROJECT_VERSION = 1;
				DEVELOPMENT_TEAM = H8X7BGGD4F;
				GENERATE_INFOPLIST_FILE = YES;
				MARKETING_VERSION = 1.0;
				PRODUCT_BUNDLE_IDENTIFIER = com.chetan.SweetsyTests;
				PRODUCT_NAME = "$(TARGET_NAME)";
				SWIFT_EMIT_LOC_STRINGS = NO;
				SWIFT_VERSION = 5.0;
				TARGETED_DEVICE_FAMILY = "1,2";
				TEST_HOST = "$(BUILT_PRODUCTS_DIR)/Sweetsy.app/$(BUNDLE_EXECUTABLE_FOLDER_PATH)/Sweetsy";
			};
			name = Release;
		};
		616FB9082C0B9DB30011AD58 /* Debug */ = {
			isa = XCBuildConfiguration;
			buildSettings = {
				CODE_SIGN_STYLE = Automatic;
				CURRENT_PROJECT_VERSION = 1;
				DEVELOPMENT_TEAM = H8X7BGGD4F;
				GENERATE_INFOPLIST_FILE = YES;
				MARKETING_VERSION = 1.0;
				PRODUCT_BUNDLE_IDENTIFIER = com.chetan.SweetsyUITests;
				PRODUCT_NAME = "$(TARGET_NAME)";
				SWIFT_EMIT_LOC_STRINGS = NO;
				SWIFT_VERSION = 5.0;
				TARGETED_DEVICE_FAMILY = "1,2";
				TEST_TARGET_NAME = Sweetsy;
			};
			name = Debug;
		};
		616FB9092C0B9DB30011AD58 /* Release */ = {
			isa = XCBuildConfiguration;
			buildSettings = {
				CODE_SIGN_STYLE = Automatic;
				CURRENT_PROJECT_VERSION = 1;
				DEVELOPMENT_TEAM = H8X7BGGD4F;
				GENERATE_INFOPLIST_FILE = YES;
				MARKETING_VERSION = 1.0;
				PRODUCT_BUNDLE_IDENTIFIER = com.chetan.SweetsyUITests;
				PRODUCT_NAME = "$(TARGET_NAME)";
				SWIFT_EMIT_LOC_STRINGS = NO;
				SWIFT_VERSION = 5.0;
				TARGETED_DEVICE_FAMILY = "1,2";
				TEST_TARGET_NAME = Sweetsy;
			};
			name = Release;
		};
/* End XCBuildConfiguration section */

/* Begin XCConfigurationList section */
		616FB8992C07D5560011AD58 /* Build configuration list for PBXProject "Sweetsy" */ = {
			isa = XCConfigurationList;
			buildConfigurations = (
				616FB8AA2C07D5580011AD58 /* Debug */,
				616FB8AB2C07D5580011AD58 /* Release */,
			);
			defaultConfigurationIsVisible = 0;
			defaultConfigurationName = Release;
		};
		616FB8AC2C07D5580011AD58 /* Build configuration list for PBXNativeTarget "Sweetsy" */ = {
			isa = XCConfigurationList;
			buildConfigurations = (
				616FB8AD2C07D5580011AD58 /* Debug */,
				616FB8AE2C07D5580011AD58 /* Release */,
			);
			defaultConfigurationIsVisible = 0;
			defaultConfigurationName = Release;
		};
		616FB8FA2C0B9D8A0011AD58 /* Build configuration list for PBXNativeTarget "SweetsyTests" */ = {
			isa = XCConfigurationList;
			buildConfigurations = (
				616FB8F82C0B9D8A0011AD58 /* Debug */,
				616FB8F92C0B9D8A0011AD58 /* Release */,
			);
			defaultConfigurationIsVisible = 0;
			defaultConfigurationName = Release;
		};
		616FB9072C0B9DB30011AD58 /* Build configuration list for PBXNativeTarget "SweetsyUITests" */ = {
			isa = XCConfigurationList;
			buildConfigurations = (
				616FB9082C0B9DB30011AD58 /* Debug */,
				616FB9092C0B9DB30011AD58 /* Release */,
			);
			defaultConfigurationIsVisible = 0;
			defaultConfigurationName = Release;
		};
/* End XCConfigurationList section */
	};
	rootObject = 616FB8962C07D5560011AD58 /* Project object */;
}
